PODS:
  - Animated-Gif-iOS (1.1.0)
  - SVProgressHUD (2.0.7):
    - Animated-Gif-iOS

DEPENDENCIES:
  - SVProgressHUD (from `../`)

EXTERNAL SOURCES:
  SVProgressHUD:
    :path: "../"

SPEC CHECKSUMS:
  Animated-Gif-iOS: b3c0d798d2f59bed92b4adddfef6ebb7b80355f2
  SVProgressHUD: 80dc84a539fbaaf05fdf3c0cc726ef49bb73ee88

PODFILE CHECKSUM: b2f85c377d794346afa2f2d872f22e0e82b225bd

COCOAPODS: 1.2.0
